
Microsoft Visual Studio Solution File, Format Version 12.00
# Visual Studio Version 17
VisualStudioVersion = 17.8.34316.72
MinimumVisualStudioVersion = 10.0.40219.1
Project("{FAE04EC0-301F-11D3-BF4B-00C04F79EFBC}") = "EchoBot1", "EchoBot1\EchoBot1.csproj", "{EC9EC487-9A7E-42C1-8732-55169FBB59C2}"
EndProject
Global
	GlobalSection(SolutionConfigurationPlatforms) = preSolution
		Debug|Any CPU = Debug|Any CPU
		Release|Any CPU = Release|Any CPU
	EndGlobalSection
	GlobalSection(ProjectConfigurationPlatforms) = postSolution
		{EC9EC487-9A7E-42C1-8732-55169FBB59C2}.Debug|Any CPU.ActiveCfg = Debug|Any CPU
		{EC9EC487-9A7E-42C1-8732-55169FBB59C2}.Debug|Any CPU.Build.0 = Debug|Any CPU
		{EC9EC487-9A7E-42C1-8732-55169FBB59C2}.Release|Any CPU.ActiveCfg = Release|Any CPU
		{EC9EC487-9A7E-42C1-8732-55169FBB59C2}.Release|Any CPU.Build.0 = Release|Any CPU
	EndGlobalSection
	GlobalSection(SolutionProperties) = preSolution
		HideSolutionNode = FALSE
	EndGlobalSection
	GlobalSection(ExtensibilityGlobals) = postSolution
		SolutionGuid = {DA5B7A85-4E83-4744-843B-0DCFBCBB9BCC}
	EndGlobalSection
EndGlobal
